// !$*UTF8*$!
{
	archiveVersion = 1;
	classes = {
	};
	objectVersion = 55;
	objects = {

/* Begin PBXBuildFile section */
		7C2966AF2808F33300A6A426 /* PostaxApp.swift in Sources */ = {isa = PBXBuildFile; fileRef = 7C2966AE2808F33300A6A426 /* PostaxApp.swift */; };
		7C2966B12808F33300A6A426 /* ContentView.swift in Sources */ = {isa = PBXBuildFile; fileRef = 7C2966B02808F33300A6A426 /* ContentView.swift */; };
		7C2966B32808F33500A6A426 /* Assets.xcassets in Resources */ = {isa = PBXBuildFile; fileRef = 7C2966B22808F33500A6A426 /* Assets.xcassets */; };
		7C2966B62808F33500A6A426 /* Preview Assets.xcassets in Resources */ = {isa = PBXBuildFile; fileRef = 7C2966B52808F33500A6A426 /* Preview Assets.xcassets */; };
		7C2966BE28092C1400A6A426 /* PTFedTax.swift in Sources */ = {isa = PBXBuildFile; fileRef = 7C2966BD28092C1400A6A426 /* PTFedTax.swift */; };
		7C6E0E2B283DE27600E8973A /* PTStateTax.swift in Sources */ = {isa = PBXBuildFile; fileRef = 7C6E0E2A283DE27600E8973A /* PTStateTax.swift */; };
/* End PBXBuildFile section */

/* Begin PBXFileReference section */
		7C2966AB2808F33300A6A426 /* Postax.app */ = {isa = PBXFileReference; explicitFileType = wrapper.application; includeInIndex = 0; path = Postax.app; sourceTree = BUILT_PRODUCTS_DIR; };
		7C2966AE2808F33300A6A426 /* PostaxApp.swift */ = {isa = PBXFileReference; lastKnownFileType = sourcecode.swift; path = PostaxApp.swift; sourceTree = "<group>"; };
		7C2966B02808F33300A6A426 /* ContentView.swift */ = {isa = PBXFileReference; lastKnownFileType = sourcecode.swift; path = ContentView.swift; sourceTree = "<group>"; };
		7C2966B22808F33500A6A426 /* Assets.xcassets */ = {isa = PBXFileReference; lastKnownFileType = folder.assetcatalog; path = Assets.xcassets; sourceTree = "<group>"; };
		7C2966B52808F33500A6A426 /* Preview Assets.xcassets */ = {isa = PBXFileReference; lastKnownFileType = folder.assetcatalog; path = "Preview Assets.xcassets"; sourceTree = "<group>"; };
		7C2966BD28092C1400A6A426 /* PTFedTax.swift */ = {isa = PBXFileReference; lastKnownFileType = sourcecode.swift; path = PTFedTax.swift; sourceTree = "<group>"; };
		7C6E0E2A283DE27600E8973A /* PTStateTax.swift */ = {isa = PBXFileReference; lastKnownFileType = sourcecode.swift; path = PTStateTax.swift; sourceTree = "<group>"; };
/* End PBXFileReference section */

/* Begin PBXFrameworksBuildPhase section */
		7C2966A82808F33300A6A426 /* Frameworks */ = {
			isa = PBXFrameworksBuildPhase;
			buildActionMask = 2147483647;
			files = (
			);
			runOnlyForDeploymentPostprocessing = 0;
		};
/* End PBXFrameworksBuildPhase section */

/* Begin PBXGroup section */
		7C2966A22808F33300A6A426 = {
			isa = PBXGroup;
			children = (
				7C2966AD2808F33300A6A426 /* Postax */,
				7C2966AC2808F33300A6A426 /* Products */,
			);
			sourceTree = "<group>";
		};
		7C2966AC2808F33300A6A426 /* Products */ = {
			isa = PBXGroup;
			children = (
				7C2966AB2808F33300A6A426 /* Postax.app */,
			);
			name = Products;
			sourceTree = "<group>";
		};
		7C2966AD2808F33300A6A426 /* Postax */ = {
			isa = PBXGroup;
			children = (
				7C6E0E2C2845AB9600E8973A /* Screens */,
				7C6E0E2D2845ABD100E8973A /* Controllers */,
				7C2966B22808F33500A6A426 /* Assets.xcassets */,
				7C2966B42808F33500A6A426 /* Preview Content */,
			);
			path = Postax;
			sourceTree = "<group>";
		};
		7C2966B42808F33500A6A426 /* Preview Content */ = {
			isa = PBXGroup;
			children = (
				7C2966B52808F33500A6A426 /* Preview Assets.xcassets */,
			);
			path = "Preview Content";
			sourceTree = "<group>";
		};
		7C2966BF28092D3F00A6A426 /* TaxBrackets */ = {
			isa = PBXGroup;
			children = (
				7C2966BD28092C1400A6A426 /* PTFedTax.swift */,
				7C6E0E2A283DE27600E8973A /* PTStateTax.swift */,
			);
			path = TaxBrackets;
			sourceTree = "<group>";
		};
		7C6E0E2C2845AB9600E8973A /* Screens */ = {
			isa = PBXGroup;
			children = (
				7C2966AE2808F33300A6A426 /* PostaxApp.swift */,
				7C2966B02808F33300A6A426 /* ContentView.swift */,
			);
			path = Screens;
			sourceTree = "<group>";
		};
		7C6E0E2D2845ABD100E8973A /* Controllers */ = {
			isa = PBXGroup;
			children = (
				7C2966BF28092D3F00A6A426 /* TaxBrackets */,
			);
			path = Controllers;
			sourceTree = "<group>";
		};
/* End PBXGroup section */

/* Begin PBXNativeTarget section */
		7C2966AA2808F33300A6A426 /* Postax */ = {
			isa = PBXNativeTarget;
			buildConfigurationList = 7C2966B92808F33500A6A426 /* Build configuration list for PBXNativeTarget "Postax" */;
			buildPhases = (
				7C2966A72808F33300A6A426 /* Sources */,
				7C2966A82808F33300A6A426 /* Frameworks */,
				7C2966A92808F33300A6A426 /* Resources */,
			);
			buildRules = (
			);
			dependencies = (
			);
			name = Postax;
			productName = Postax;
			productReference = 7C2966AB2808F33300A6A426 /* Postax.app */;
			productType = "com.apple.product-type.application";
		};
/* End PBXNativeTarget section */

/* Begin PBXProject section */
		7C2966A32808F33300A6A426 /* Project object */ = {
			isa = PBXProject;
			attributes = {
				BuildIndependentTargetsInParallel = 1;
				LastSwiftUpdateCheck = 1330;
				LastUpgradeCheck = 1330;
				TargetAttributes = {
					7C2966AA2808F33300A6A426 = {
						CreatedOnToolsVersion = 13.3;
					};
				};
			};
			buildConfigurationList = 7C2966A62808F33300A6A426 /* Build configuration list for PBXProject "Postax" */;
			compatibilityVersion = "Xcode 13.0";
			developmentRegion = en;
			hasScannedForEncodings = 0;
			knownRegions = (
				en,
				Base,
			);
			mainGroup = 7C2966A22808F33300A6A426;
			productRefGroup = 7C2966AC2808F33300A6A426 /* Products */;
			projectDirPath = "";
			projectRoot = "";
			targets = (
				7C2966AA2808F33300A6A426 /* Postax */,
			);
		};
/* End PBXProject section */

/* Begin PBXResourcesBuildPhase section */
		7C2966A92808F33300A6A426 /* Resources */ = {
			isa = PBXResourcesBuildPhase;
			buildActionMask = 2147483647;
			files = (
				7C2966B62808F33500A6A426 /* Preview Assets.xcassets in Resources */,
				7C2966B32808F33500A6A426 /* Assets.xcassets in Resources */,
			);
			runOnlyForDeploymentPostprocessing = 0;
		};
/* End PBXResourcesBuildPhase section */

/* Begin PBXSourcesBuildPhase section */
		7C2966A72808F33300A6A426 /* Sources */ = {
			isa = PBXSourcesBuildPhase;
			buildActionMask = 2147483647;
			files = (
				7C6E0E2B283DE27600E8973A /* PTStateTax.swift in Sources */,
				7C2966BE28092C1400A6A426 /* PTFedTax.swift in Sources */,
				7C2966B12808F33300A6A426 /* ContentView.swift in Sources */,
				7C2966AF2808F33300A6A426 /* PostaxApp.swift in Sources */,
			);
			runOnlyForDeploymentPostprocessing = 0;
		};
/* End PBXSourcesBuildPhase section */

/* Begin XCBuildConfiguration section */
		7C2966B72808F33500A6A426 /* Debug */ = {
			isa = XCBuildConfiguration;
			buildSettings = {
				ALWAYS_SEARCH_USER_PATHS = NO;
				CLANG_ANALYZER_NONNULL = YES;
				CLANG_ANALYZER_NUMBER_OBJECT_CONVERSION = YES_AGGRESSIVE;
				CLANG_CXX_LANGUAGE_STANDARD = "gnu++17";
				CLANG_ENABLE_MODULES = YES;
				CLANG_ENABLE_OBJC_ARC = YES;
				CLANG_ENABLE_OBJC_WEAK = YES;
				CLANG_WARN_BLOCK_CAPTURE_AUTORELEASING = YES;
				CLANG_WARN_BOOL_CONVERSION = YES;
				CLANG_WARN_COMMA = YES;
				CLANG_WARN_CONSTANT_CONVERSION = YES;
				CLANG_WARN_DEPRECATED_OBJC_IMPLEMENTATIONS = YES;
				CLANG_WARN_DIRECT_OBJC_ISA_USAGE = YES_ERROR;
				CLANG_WARN_DOCUMENTATION_COMMENTS = YES;
				CLANG_WARN_EMPTY_BODY = YES;
				CLANG_WARN_ENUM_CONVERSION = YES;
				CLANG_WARN_INFINITE_RECURSION = YES;
				CLANG_WARN_INT_CONVERSION = YES;
				CLANG_WARN_NON_LITERAL_NULL_CONVERSION = YES;
				CLANG_WARN_OBJC_IMPLICIT_RETAIN_SELF = YES;
				CLANG_WARN_OBJC_LITERAL_CONVERSION = YES;
				CLANG_WARN_OBJC_ROOT_CLASS = YES_ERROR;
				CLANG_WARN_QUOTED_INCLUDE_IN_FRAMEWORK_HEADER = YES;
				CLANG_WARN_RANGE_LOOP_ANALYSIS = YES;
				CLANG_WARN_STRICT_PROTOTYPES = YES;
				CLANG_WARN_SUSPICIOUS_MOVE = YES;
				CLANG_WARN_UNGUARDED_AVAILABILITY = YES_AGGRESSIVE;
				CLANG_WARN_UNREACHABLE_CODE = YES;
				CLANG_WARN__DUPLICATE_METHOD_MATCH = YES;
				COPY_PHASE_STRIP = NO;
				DEBUG_INFORMATION_FORMAT = dwarf;
				ENABLE_STRICT_OBJC_MSGSEND = YES;
				ENABLE_TESTABILITY = YES;
				GCC_C_LANGUAGE_STANDARD = gnu11;
				GCC_DYNAMIC_NO_PIC = NO;
				GCC_NO_COMMON_BLOCKS = YES;
				GCC_OPTIMIZATION_LEVEL = 0;
				GCC_PREPROCESSOR_DEFINITIONS = (
					"DEBUG=1",
					"$(inherited)",
				);
				GCC_WARN_64_TO_32_BIT_CONVERSION = YES;
				GCC_WARN_ABOUT_RETURN_TYPE = YES_ERROR;
				GCC_WARN_UNDECLARED_SELECTOR = YES;
				GCC_WARN_UNINITIALIZED_AUTOS = YES_AGGRESSIVE;
				GCC_WARN_UNUSED_FUNCTION = YES;
				GCC_WARN_UNUSED_VARIABLE = YES;
				IPHONEOS_DEPLOYMENT_TARGET = 15.4;
				MTL_ENABLE_DEBUG_INFO = INCLUDE_SOURCE;
				MTL_FAST_MATH = YES;
				ONLY_ACTIVE_ARCH = YES;
				SDKROOT = iphoneos;
				SWIFT_ACTIVE_COMPILATION_CONDITIONS = DEBUG;
				SWIFT_OPTIMIZATION_LEVEL = "-Onone";
			};
			name = Debug;
		};
		7C2966B82808F33500A6A426 /* Release */ = {
			isa = XCBuildConfiguration;
			buildSettings = {
				ALWAYS_SEARCH_USER_PATHS = NO;
				CLANG_ANALYZER_NONNULL = YES;
				CLANG_ANALYZER_NUMBER_OBJECT_CONVERSION = YES_AGGRESSIVE;
				CLANG_CXX_LANGUAGE_STANDARD = "gnu++17";
				CLANG_ENABLE_MODULES = YES;
				CLANG_ENABLE_OBJC_ARC = YES;
				CLANG_ENABLE_OBJC_WEAK = YES;
				CLANG_WARN_BLOCK_CAPTURE_AUTORELEASING = YES;
				CLANG_WARN_BOOL_CONVERSION = YES;
				CLANG_WARN_COMMA = YES;
				CLANG_WARN_CONSTANT_CONVERSION = YES;
				CLANG_WARN_DEPRECATED_OBJC_IMPLEMENTATIONS = YES;
				CLANG_WARN_DIRECT_OBJC_ISA_USAGE = YES_ERROR;
				CLANG_WARN_DOCUMENTATION_COMMENTS = YES;
				CLANG_WARN_EMPTY_BODY = YES;
				CLANG_WARN_ENUM_CONVERSION = YES;
				CLANG_WARN_INFINITE_RECURSION = YES;
				CLANG_WARN_INT_CONVERSION = YES;
				CLANG_WARN_NON_LITERAL_NULL_CONVERSION = YES;
				CLANG_WARN_OBJC_IMPLICIT_RETAIN_SELF = YES;
				CLANG_WARN_OBJC_LITERAL_CONVERSION = YES;
				CLANG_WARN_OBJC_ROOT_CLASS = YES_ERROR;
				CLANG_WARN_QUOTED_INCLUDE_IN_FRAMEWORK_HEADER = YES;
				CLANG_WARN_RANGE_LOOP_ANALYSIS = YES;
				CLANG_WARN_STRICT_PROTOTYPES = YES;
				CLANG_WARN_SUSPICIOUS_MOVE = YES;
				CLANG_WARN_UNGUARDED_AVAILABILITY = YES_AGGRESSIVE;
				CLANG_WARN_UNREACHABLE_CODE = YES;
				CLANG_WARN__DUPLICATE_METHOD_MATCH = YES;
				COPY_PHASE_STRIP = NO;
				DEBUG_INFORMATION_FORMAT = "dwarf-with-dsym";
				ENABLE_NS_ASSERTIONS = NO;
				ENABLE_STRICT_OBJC_MSGSEND = YES;
				GCC_C_LANGUAGE_STANDARD = gnu11;
				GCC_NO_COMMON_BLOCKS = YES;
				GCC_WARN_64_TO_32_BIT_CONVERSION = YES;
				GCC_WARN_ABOUT_RETURN_TYPE = YES_ERROR;
				GCC_WARN_UNDECLARED_SELECTOR = YES;
				GCC_WARN_UNINITIALIZED_AUTOS = YES_AGGRESSIVE;
				GCC_WARN_UNUSED_FUNCTION = YES;
				GCC_WARN_UNUSED_VARIABLE = YES;
				IPHONEOS_DEPLOYMENT_TARGET = 15.4;
				MTL_ENABLE_DEBUG_INFO = NO;
				MTL_FAST_MATH = YES;
				SDKROOT = iphoneos;
				SWIFT_COMPILATION_MODE = wholemodule;
				SWIFT_OPTIMIZATION_LEVEL = "-O";
				VALIDATE_PRODUCT = YES;
			};
			name = Release;
		};
		7C2966BA2808F33500A6A426 /* Debug */ = {
			isa = XCBuildConfiguration;
			buildSettings = {
				ASSETCATALOG_COMPILER_APPICON_NAME = AppIcon;
				ASSETCATALOG_COMPILER_GLOBAL_ACCENT_COLOR_NAME = AccentColor;
				CODE_SIGN_STYLE = Automatic;
				CURRENT_PROJECT_VERSION = 1;
				DEVELOPMENT_ASSET_PATHS = "\"Postax/Preview Content\"";
				DEVELOPMENT_TEAM = GL869MT3HY;
				ENABLE_PREVIEWS = YES;
				GENERATE_INFOPLIST_FILE = YES;
				INFOPLIST_KEY_UIApplicationSceneManifest_Generation = YES;
				INFOPLIST_KEY_UIApplicationSupportsIndirectInputEvents = YES;
				INFOPLIST_KEY_UILaunchScreen_Generation = YES;
				INFOPLIST_KEY_UISupportedInterfaceOrientations_iPad = "UIInterfaceOrientationPortrait UIInterfaceOrientationPortraitUpsideDown UIInterfaceOrientationLandscapeLeft UIInterfaceOrientationLandscapeRight";
				INFOPLIST_KEY_UISupportedInterfaceOrientations_iPhone = "UIInterfaceOrientationPortrait UIInterfaceOrientationLandscapeLeft UIInterfaceOrientationLandscapeRight";
				LD_RUNPATH_SEARCH_PATHS = (
					"$(inherited)",
					"@executable_path/Frameworks",
				);
				MARKETING_VERSION = 1.0;
				PRODUCT_BUNDLE_IDENTIFIER = com.joncorn.Postax;
				PRODUCT_NAME = "$(TARGET_NAME)";
				SWIFT_EMIT_LOC_STRINGS = YES;
				SWIFT_VERSION = 5.0;
				TARGETED_DEVICE_FAMILY = "1,2";
			};
			name = Debug;
		};
		7C2966BB2808F33500A6A426 /* Release */ = {
			isa = XCBuildConfiguration;
			buildSettings = {
				ASSETCATALOG_COMPILER_APPICON_NAME = AppIcon;
				ASSETCATALOG_COMPILER_GLOBAL_ACCENT_COLOR_NAME = AccentColor;
				CODE_SIGN_STYLE = Automatic;
				CURRENT_PROJECT_VERSION = 1;
				DEVELOPMENT_ASSET_PATHS = "\"Postax/Preview Content\"";
				DEVELOPMENT_TEAM = GL869MT3HY;
				ENABLE_PREVIEWS = YES;
				GENERATE_INFOPLIST_FILE = YES;
				INFOPLIST_KEY_UIApplicationSceneManifest_Generation = YES;
				INFOPLIST_KEY_UIApplicationSupportsIndirectInputEvents = YES;
				INFOPLIST_KEY_UILaunchScreen_Generation = YES;
				INFOPLIST_KEY_UISupportedInterfaceOrientations_iPad = "UIInterfaceOrientationPortrait UIInterfaceOrientationPortraitUpsideDown UIInterfaceOrientationLandscapeLeft UIInterfaceOrientationLandscapeRight";
				INFOPLIST_KEY_UISupportedInterfaceOrientations_iPhone = "UIInterfaceOrientationPortrait UIInterfaceOrientationLandscapeLeft UIInterfaceOrientationLandscapeRight";
				LD_RUNPATH_SEARCH_PATHS = (
					"$(inherited)",
					"@executable_path/Frameworks",
				);
				MARKETING_VERSION = 1.0;
				PRODUCT_BUNDLE_IDENTIFIER = com.joncorn.Postax;
				PRODUCT_NAME = "$(TARGET_NAME)";
				SWIFT_EMIT_LOC_STRINGS = YES;
				SWIFT_VERSION = 5.0;
				TARGETED_DEVICE_FAMILY = "1,2";
			};
			name = Release;
		};
/* End XCBuildConfiguration section */

/* Begin XCConfigurationList section */
		7C2966A62808F33300A6A426 /* Build configuration list for PBXProject "Postax" */ = {
			isa = XCConfigurationList;
			buildConfigurations = (
				7C2966B72808F33500A6A426 /* Debug */,
				7C2966B82808F33500A6A426 /* Release */,
			);
			defaultConfigurationIsVisible = 0;
			defaultConfigurationName = Release;
		};
		7C2966B92808F33500A6A426 /* Build configuration list for PBXNativeTarget "Postax" */ = {
			isa = XCConfigurationList;
			buildConfigurations = (
				7C2966BA2808F33500A6A426 /* Debug */,
				7C2966BB2808F33500A6A426 /* Release */,
			);
			defaultConfigurationIsVisible = 0;
			defaultConfigurationName = Release;
		};
/* End XCConfigurationList section */
	};
	rootObject = 7C2966A32808F33300A6A426 /* Project object */;
}
